
Microsoft Visual Studio Solution File, Format Version 12.00
# Visual Studio 15
VisualStudioVersion = 15.0.27428.2002
MinimumVisualStudioVersion = 10.0.40219.1
Project("{FAE04EC0-301F-11D3-BF4B-00C04F79EFBC}") = "Specflow_BDD", "Specflow_BDD\Specflow_BDD.csproj", "{EEA986DA-F3B3-42EB-B98E-8354CD670DFD}"
EndProject
Global
	GlobalSection(SolutionConfigurationPlatforms) = preSolution
		Debug|Any CPU = Debug|Any CPU
		Release|Any CPU = Release|Any CPU
	EndGlobalSection
	GlobalSection(ProjectConfigurationPlatforms) = postSolution
		{EEA986DA-F3B3-42EB-B98E-8354CD670DFD}.Debug|Any CPU.ActiveCfg = Debug|Any CPU
		{EEA986DA-F3B3-42EB-B98E-8354CD670DFD}.Debug|Any CPU.Build.0 = Debug|Any CPU
		{EEA986DA-F3B3-42EB-B98E-8354CD670DFD}.Release|Any CPU.ActiveCfg = Release|Any CPU
		{EEA986DA-F3B3-42EB-B98E-8354CD670DFD}.Release|Any CPU.Build.0 = Release|Any CPU
	EndGlobalSection
	GlobalSection(SolutionProperties) = preSolution
		HideSolutionNode = FALSE
	EndGlobalSection
	GlobalSection(ExtensibilityGlobals) = postSolution
		SolutionGuid = {F179C991-2F0B-4273-A879-7A1AD0ECDB91}
	EndGlobalSection
EndGlobal
